<Solution>
  <Configurations>
    <Platform Name="Any CPU" />
    <Platform Name="x64" />
    <Platform Name="x86" />
  </Configurations>
  <Project Path="Squill.Build.Tests/Squill.Build.Tests.csproj" />
  <Project Path="Squill.Build/Squill.Build.csproj" />
  <Project Path="Squill.Core/Squill.Core.csproj" />
  <Project Path="Squill.Dacpac.Tests/Squill.Dacpac.Tests.csproj" />
  <Project Path="Squill.Dacpac/Squill.Dacpac.csproj" />
  <Project Path="Squill.IntegrationTests/Squill.IntegrationTests.csproj" />
  <Project Path="Squill.MariaDbParser/Squill.MariaDbParser.csproj" />
  <Project Path="Squill.PostgresParser.Tests/Squill.PostgresParser.Tests.csproj" />
  <Project Path="Squill.PostgresParser/Squill.PostgresParser.csproj" />
  <Project Path="Squill.Provider.MariaDb.Tests/Squill.Provider.MariaDb.Tests.csproj" />
  <Project Path="Squill.Provider.MariaDb/Squill.Provider.MariaDb.csproj" />
  <Project Path="Squill.Provider.Postgres.Tests/Squill.Provider.Postgres.Tests.csproj" />
  <Project Path="Squill.Provider.Postgres/Squill.Provider.Postgres.csproj" />
  <Project Path="Squill.Sdk/Squill.Sdk.csproj" />
  <Project Path="Squill/Squill.csproj" />
  <Project Path="samples/PostgresSampleDatabase/PostgresSampleDatabase.squillproj" Type="9A19103F-16F7-4668-BE54-9A1E7A4F7556">
    <!-- The sample consumes the SDK by relative Import, which the solution graph
         can't see, so declare the ordering explicitly: Squill.Build (the MSBuild
         task assembly the SDK loads) must build before this project. -->
    <BuildDependency Project="Squill.Build/Squill.Build.csproj" />
  </Project>
  <Project Path="samples/MariaDbSampleDatabase/MariaDbSampleDatabase.squillproj" Type="9A19103F-16F7-4668-BE54-9A1E7A4F7556">
    <BuildDependency Project="Squill.Build/Squill.Build.csproj" />
  </Project>
</Solution>
